
Microsoft Visual Studio Solution File, Format Version 12.00
# Visual Studio Version 16
VisualStudioVersion = 16.0.31112.23
MinimumVisualStudioVersion = 10.0.40219.1
Project("{FAE04EC0-301F-11D3-BF4B-00C04F79EFBC}") = "SCT_iCare", "SCT_iCare\SCT_iCare.csproj", "{13166323-B305-44C3-8BDE-3CBCA8D50A3C}"
EndProject
Project("{FAE04EC0-301F-11D3-BF4B-00C04F79EFBC}") = "conekta", "..\conekta-.net-master\src\conekta\conekta\conekta.csproj", "{2F249D83-DA55-4A4D-B044-AC779C18C07D}"
EndProject
Project("{2150E333-8FDC-42A3-9474-1A3956D46DE8}") = "Solution Items", "Solution Items", "{6AFB8A31-303A-4B20-A559-B5E1EE671453}"
EndProject
Global
	GlobalSection(SolutionConfigurationPlatforms) = preSolution
		Debug|Any CPU = Debug|Any CPU
		Release|Any CPU = Release|Any CPU
	EndGlobalSection
	GlobalSection(ProjectConfigurationPlatforms) = postSolution
		{13166323-B305-44C3-8BDE-3CBCA8D50A3C}.Debug|Any CPU.ActiveCfg = Debug|Any CPU
		{13166323-B305-44C3-8BDE-3CBCA8D50A3C}.Debug|Any CPU.Build.0 = Debug|Any CPU
		{13166323-B305-44C3-8BDE-3CBCA8D50A3C}.Release|Any CPU.ActiveCfg = Release|Any CPU
		{13166323-B305-44C3-8BDE-3CBCA8D50A3C}.Release|Any CPU.Build.0 = Release|Any CPU
		{2F249D83-DA55-4A4D-B044-AC779C18C07D}.Debug|Any CPU.ActiveCfg = Debug|Any CPU
		{2F249D83-DA55-4A4D-B044-AC779C18C07D}.Debug|Any CPU.Build.0 = Debug|Any CPU
		{2F249D83-DA55-4A4D-B044-AC779C18C07D}.Release|Any CPU.ActiveCfg = Release|Any CPU
		{2F249D83-DA55-4A4D-B044-AC779C18C07D}.Release|Any CPU.Build.0 = Release|Any CPU
	EndGlobalSection
	GlobalSection(SolutionProperties) = preSolution
		HideSolutionNode = FALSE
	EndGlobalSection
	GlobalSection(ExtensibilityGlobals) = postSolution
		SolutionGuid = {704B50BB-132D-4F95-B856-D117F629029B}
	EndGlobalSection
EndGlobal
